github.com/kindness07/Dog v0.0.0-20260519001514-2ae8183660b7 h1:4UfzRjJwvt5d74esOc4kr1KWdxmexyRxdjEPehoSg4c=
github.com/kindness07/Dog v0.0.0-20260519001514-2ae8183660b7/go.mod h1:GiigDVpquTEVO/J6wXCJXLcv2/heaeu9nsJVrj1TJi4=
github.com/kindness07/puppy v0.0.0-20260519002623-6e45ba9eeaa7 h1:1JnWOgKWW9n28Z+Ukq4fHoZ1nVhXaCVXJFG1lQ5iTT0=
github.com/kindness07/puppy v0.0.0-20260519002623-6e45ba9eeaa7/go.mod h1:nknh4ZRmqFMJxsxVEAfgI4hus6RkAPaNBeLyWgUPEbk=
